
Microsoft Visual Studio Solution File, Format Version 12.00
# Visual Studio Version 17
VisualStudioVersion = 17.7.34202.233
MinimumVisualStudioVersion = 10.0.40219.1
Project("{9A19103F-16F7-4668-BE54-9A1E7A4F7556}") = "UdemyAuthServer.API", "UdemyAuthServer.API\UdemyAuthServer.API.csproj", "{71A4F0AE-42A7-419D-A337-B723F8EEF726}"
EndProject
Project("{9A19103F-16F7-4668-BE54-9A1E7A4F7556}") = "UdemyAuthServer.Core", "UdemyAuthServer.Core\UdemyAuthServer.Core.csproj", "{3BFF8529-9A36-4B83-98DD-51D6AC68A5FE}"
EndProject
Project("{9A19103F-16F7-4668-BE54-9A1E7A4F7556}") = "UdemyAuthServer.Data", "UdemyAuthServer.Data\UdemyAuthServer.Data.csproj", "{DE1151FC-6F30-4C2E-8B72-57654C107EC5}"
EndProject
Project("{9A19103F-16F7-4668-BE54-9A1E7A4F7556}") = "UdemyAuthServer.Service", "UdemyAuthServer.Service\UdemyAuthServer.Service.csproj", "{525688ED-014F-42A2-B80D-6D63F390BB2C}"
EndProject
Project("{9A19103F-16F7-4668-BE54-9A1E7A4F7556}") = "SharedLibrary", "SharedLibrary\SharedLibrary.csproj", "{08AD63BD-5B06-4516-A3B5-AD41E98DE633}"
EndProject
Project("{FAE04EC0-301F-11D3-BF4B-00C04F79EFBC}") = "MiniApp1.API", "MiniApp1.API\MiniApp1.API.csproj", "{52DD9B9D-071B-4C7C-BA50-5D11C1172EF1}"
EndProject
Project("{FAE04EC0-301F-11D3-BF4B-00C04F79EFBC}") = "MiniApp2.API", "MiniApp2.API\MiniApp2.API.csproj", "{F66B9102-C33D-4E61-9139-B39F60DD9D8F}"
EndProject
Project("{FAE04EC0-301F-11D3-BF4B-00C04F79EFBC}") = "MiniApp3.API", "MiniApp3.API\MiniApp3.API.csproj", "{573178D9-E2D0-4C45-A524-A38AB9BA4A6B}"
EndProject
Global
	GlobalSection(SolutionConfigurationPlatforms) = preSolution
		Debug|Any CPU = Debug|Any CPU
		Release|Any CPU = Release|Any CPU
	EndGlobalSection
	GlobalSection(ProjectConfigurationPlatforms) = postSolution
		{71A4F0AE-42A7-419D-A337-B723F8EEF726}.Debug|Any CPU.ActiveCfg = Debug|Any CPU
		{71A4F0AE-42A7-419D-A337-B723F8EEF726}.Debug|Any CPU.Build.0 = Debug|Any CPU
		{71A4F0AE-42A7-419D-A337-B723F8EEF726}.Release|Any CPU.ActiveCfg = Release|Any CPU
		{71A4F0AE-42A7-419D-A337-B723F8EEF726}.Release|Any CPU.Build.0 = Release|Any CPU
		{3BFF8529-9A36-4B83-98DD-51D6AC68A5FE}.Debug|Any CPU.ActiveCfg = Debug|Any CPU
		{3BFF8529-9A36-4B83-98DD-51D6AC68A5FE}.Debug|Any CPU.Build.0 = Debug|Any CPU
		{3BFF8529-9A36-4B83-98DD-51D6AC68A5FE}.Release|Any CPU.ActiveCfg = Release|Any CPU
		{3BFF8529-9A36-4B83-98DD-51D6AC68A5FE}.Release|Any CPU.Build.0 = Release|Any CPU
		{DE1151FC-6F30-4C2E-8B72-57654C107EC5}.Debug|Any CPU.ActiveCfg = Debug|Any CPU
		{DE1151FC-6F30-4C2E-8B72-57654C107EC5}.Debug|Any CPU.Build.0 = Debug|Any CPU
		{DE1151FC-6F30-4C2E-8B72-57654C107EC5}.Release|Any CPU.ActiveCfg = Release|Any CPU
		{DE1151FC-6F30-4C2E-8B72-57654C107EC5}.Release|Any CPU.Build.0 = Release|Any CPU
		{525688ED-014F-42A2-B80D-6D63F390BB2C}.Debug|Any CPU.ActiveCfg = Debug|Any CPU
		{525688ED-014F-42A2-B80D-6D63F390BB2C}.Debug|Any CPU.Build.0 = Debug|Any CPU
		{525688ED-014F-42A2-B80D-6D63F390BB2C}.Release|Any CPU.ActiveCfg = Release|Any CPU
		{525688ED-014F-42A2-B80D-6D63F390BB2C}.Release|Any CPU.Build.0 = Release|Any CPU
		{08AD63BD-5B06-4516-A3B5-AD41E98DE633}.Debug|Any CPU.ActiveCfg = Debug|Any CPU
		{08AD63BD-5B06-4516-A3B5-AD41E98DE633}.Debug|Any CPU.Build.0 = Debug|Any CPU
		{08AD63BD-5B06-4516-A3B5-AD41E98DE633}.Release|Any CPU.ActiveCfg = Release|Any CPU
		{08AD63BD-5B06-4516-A3B5-AD41E98DE633}.Release|Any CPU.Build.0 = Release|Any CPU
		{52DD9B9D-071B-4C7C-BA50-5D11C1172EF1}.Debug|Any CPU.ActiveCfg = Debug|Any CPU
		{52DD9B9D-071B-4C7C-BA50-5D11C1172EF1}.Debug|Any CPU.Build.0 = Debug|Any CPU
		{52DD9B9D-071B-4C7C-BA50-5D11C1172EF1}.Release|Any CPU.ActiveCfg = Release|Any CPU
		{52DD9B9D-071B-4C7C-BA50-5D11C1172EF1}.Release|Any CPU.Build.0 = Release|Any CPU
		{F66B9102-C33D-4E61-9139-B39F60DD9D8F}.Debug|Any CPU.ActiveCfg = Debug|Any CPU
		{F66B9102-C33D-4E61-9139-B39F60DD9D8F}.Debug|Any CPU.Build.0 = Debug|Any CPU
		{F66B9102-C33D-4E61-9139-B39F60DD9D8F}.Release|Any CPU.ActiveCfg = Release|Any CPU
		{F66B9102-C33D-4E61-9139-B39F60DD9D8F}.Release|Any CPU.Build.0 = Release|Any CPU
		{573178D9-E2D0-4C45-A524-A38AB9BA4A6B}.Debug|Any CPU.ActiveCfg = Debug|Any CPU
		{573178D9-E2D0-4C45-A524-A38AB9BA4A6B}.Debug|Any CPU.Build.0 = Debug|Any CPU
		{573178D9-E2D0-4C45-A524-A38AB9BA4A6B}.Release|Any CPU.ActiveCfg = Release|Any CPU
		{573178D9-E2D0-4C45-A524-A38AB9BA4A6B}.Release|Any CPU.Build.0 = Release|Any CPU
	EndGlobalSection
	GlobalSection(SolutionProperties) = preSolution
		HideSolutionNode = FALSE
	EndGlobalSection
	GlobalSection(ExtensibilityGlobals) = postSolution
		SolutionGuid = {89B43582-AD41-407F-B668-26CD1816EE5E}
	EndGlobalSection
EndGlobal
